// !$*UTF8*$!
{
	archiveVersion = 1;
	classes = {
	};
	objectVersion = 48;
	objects = {

/* Begin PBXBuildFile section */
		EDE0DCC81FEA415D007975CA /* GSNavigationBarItem.framework in Frameworks */ = {isa = PBXBuildFile; fileRef = EDE0DCBE1FEA415D007975CA /* GSNavigationBarItem.framework */; };
		EDE0DCCD1FEA415D007975CA /* GSNavigationBarItemTests.swift in Sources */ = {isa = PBXBuildFile; fileRef = EDE0DCCC1FEA415D007975CA /* GSNavigationBarItemTests.swift */; };
		EDE0DCCF1FEA415D007975CA /* GSNavigationBarItem.h in Headers */ = {isa = PBXBuildFile; fileRef = EDE0DCC11FEA415D007975CA /* GSNavigationBarItem.h */; settings = {ATTRIBUTES = (Public, ); }; };
		EDE0DD601FEA8493007975CA /* CustomBarable.swift in Sources */ = {isa = PBXBuildFile; fileRef = EDE0DD5F1FEA8493007975CA /* CustomBarable.swift */; };
		EDE0DD621FEA84B3007975CA /* NavigationBarItem.swift in Sources */ = {isa = PBXBuildFile; fileRef = EDE0DD611FEA84B3007975CA /* NavigationBarItem.swift */; };
/* End PBXBuildFile section */

/* Begin PBXContainerItemProxy section */
		EDE0DCC91FEA415D007975CA /* PBXContainerItemProxy */ = {
			isa = PBXContainerItemProxy;
			containerPortal = EDE0DCB51FEA415D007975CA /* Project object */;
			proxyType = 1;
			remoteGlobalIDString = EDE0DCBD1FEA415D007975CA;
			remoteInfo = GSNavigationBarItem;
		};
/* End PBXContainerItemProxy section */

/* Begin PBXFileReference section */
		EDE0DCBE1FEA415D007975CA /* GSNavigationBarItem.framework */ = {isa = PBXFileReference; explicitFileType = wrapper.framework; includeInIndex = 0; path = GSNavigationBarItem.framework; sourceTree = BUILT_PRODUCTS_DIR; };
		EDE0DCC11FEA415D007975CA /* GSNavigationBarItem.h */ = {isa = PBXFileReference; lastKnownFileType = sourcecode.c.h; path = GSNavigationBarItem.h; sourceTree = "<group>"; };
		EDE0DCC21FEA415D007975CA /* Info.plist */ = {isa = PBXFileReference; lastKnownFileType = text.plist.xml; path = Info.plist; sourceTree = "<group>"; };
		EDE0DCC71FEA415D007975CA /* GSNavigationBarItemTests.xctest */ = {isa = PBXFileReference; explicitFileType = wrapper.cfbundle; includeInIndex = 0; path = GSNavigationBarItemTests.xctest; sourceTree = BUILT_PRODUCTS_DIR; };
		EDE0DCCC1FEA415D007975CA /* GSNavigationBarItemTests.swift */ = {isa = PBXFileReference; lastKnownFileType = sourcecode.swift; path = GSNavigationBarItemTests.swift; sourceTree = "<group>"; };
		EDE0DCCE1FEA415D007975CA /* Info.plist */ = {isa = PBXFileReference; lastKnownFileType = text.plist.xml; path = Info.plist; sourceTree = "<group>"; };
		EDE0DD5F1FEA8493007975CA /* CustomBarable.swift */ = {isa = PBXFileReference; lastKnownFileType = sourcecode.swift; path = CustomBarable.swift; sourceTree = "<group>"; };
		EDE0DD611FEA84B3007975CA /* NavigationBarItem.swift */ = {isa = PBXFileReference; lastKnownFileType = sourcecode.swift; path = NavigationBarItem.swift; sourceTree = "<group>"; };
/* End PBXFileReference section */

/* Begin PBXFrameworksBuildPhase section */
		EDE0DCBA1FEA415D007975CA /* Frameworks */ = {
			isa = PBXFrameworksBuildPhase;
			buildActionMask = 2147483647;
			files = (
			);
			runOnlyForDeploymentPostprocessing = 0;
		};
		EDE0DCC41FEA415D007975CA /* Frameworks */ = {
			isa = PBXFrameworksBuildPhase;
			buildActionMask = 2147483647;
			files = (
				EDE0DCC81FEA415D007975CA /* GSNavigationBarItem.framework in Frameworks */,
			);
			runOnlyForDeploymentPostprocessing = 0;
		};
/* End PBXFrameworksBuildPhase section */

/* Begin PBXGroup section */
		EDE0DCB41FEA415D007975CA = {
			isa = PBXGroup;
			children = (
				EDE0DCC01FEA415D007975CA /* GSNavigationBarItem */,
				EDE0DCCB1FEA415D007975CA /* GSNavigationBarItemTests */,
				EDE0DCBF1FEA415D007975CA /* Products */,
			);
			sourceTree = "<group>";
		};
		EDE0DCBF1FEA415D007975CA /* Products */ = {
			isa = PBXGroup;
			children = (
				EDE0DCBE1FEA415D007975CA /* GSNavigationBarItem.framework */,
				EDE0DCC71FEA415D007975CA /* GSNavigationBarItemTests.xctest */,
			);
			name = Products;
			sourceTree = "<group>";
		};
		EDE0DCC01FEA415D007975CA /* GSNavigationBarItem */ = {
			isa = PBXGroup;
			children = (
				EDE0DCC11FEA415D007975CA /* GSNavigationBarItem.h */,
				EDE0DCC21FEA415D007975CA /* Info.plist */,
				EDE0DD5F1FEA8493007975CA /* CustomBarable.swift */,
				EDE0DD611FEA84B3007975CA /* NavigationBarItem.swift */,
			);
			path = GSNavigationBarItem;
			sourceTree = "<group>";
		};
		EDE0DCCB1FEA415D007975CA /* GSNavigationBarItemTests */ = {
			isa = PBXGroup;
			children = (
				EDE0DCCC1FEA415D007975CA /* GSNavigationBarItemTests.swift */,
				EDE0DCCE1FEA415D007975CA /* Info.plist */,
			);
			path = GSNavigationBarItemTests;
			sourceTree = "<group>";
		};
/* End PBXGroup section */

/* Begin PBXHeadersBuildPhase section */
		EDE0DCBB1FEA415D007975CA /* Headers */ = {
			isa = PBXHeadersBuildPhase;
			buildActionMask = 2147483647;
			files = (
				EDE0DCCF1FEA415D007975CA /* GSNavigationBarItem.h in Headers */,
			);
			runOnlyForDeploymentPostprocessing = 0;
		};
/* End PBXHeadersBuildPhase section */

/* Begin PBXNativeTarget section */
		EDE0DCBD1FEA415D007975CA /* GSNavigationBarItem */ = {
			isa = PBXNativeTarget;
			buildConfigurationList = EDE0DCD21FEA415D007975CA /* Build configuration list for PBXNativeTarget "GSNavigationBarItem" */;
			buildPhases = (
				EDE0DCB91FEA415D007975CA /* Sources */,
				EDE0DCBA1FEA415D007975CA /* Frameworks */,
				EDE0DCBB1FEA415D007975CA /* Headers */,
				EDE0DCBC1FEA415D007975CA /* Resources */,
				EDE0DD5E1FEA83D5007975CA /* Carthage */,
			);
			buildRules = (
			);
			dependencies = (
			);
			name = GSNavigationBarItem;
			productName = GSNavigationBarItem;
			productReference = EDE0DCBE1FEA415D007975CA /* GSNavigationBarItem.framework */;
			productType = "com.apple.product-type.framework";
		};
		EDE0DCC61FEA415D007975CA /* GSNavigationBarItemTests */ = {
			isa = PBXNativeTarget;
			buildConfigurationList = EDE0DCD51FEA415D007975CA /* Build configuration list for PBXNativeTarget "GSNavigationBarItemTests" */;
			buildPhases = (
				EDE0DCC31FEA415D007975CA /* Sources */,
				EDE0DCC41FEA415D007975CA /* Frameworks */,
				EDE0DCC51FEA415D007975CA /* Resources */,
			);
			buildRules = (
			);
			dependencies = (
				EDE0DCCA1FEA415D007975CA /* PBXTargetDependency */,
			);
			name = GSNavigationBarItemTests;
			productName = GSNavigationBarItemTests;
			productReference = EDE0DCC71FEA415D007975CA /* GSNavigationBarItemTests.xctest */;
			productType = "com.apple.product-type.bundle.unit-test";
		};
/* End PBXNativeTarget section */

/* Begin PBXProject section */
		EDE0DCB51FEA415D007975CA /* Project object */ = {
			isa = PBXProject;
			attributes = {
				LastSwiftUpdateCheck = 0920;
				LastUpgradeCheck = 0920;
				ORGANIZATIONNAME = "孟钰丰";
				TargetAttributes = {
					EDE0DCBD1FEA415D007975CA = {
						CreatedOnToolsVersion = 9.2;
						LastSwiftMigration = 0920;
						ProvisioningStyle = Automatic;
					};
					EDE0DCC61FEA415D007975CA = {
						CreatedOnToolsVersion = 9.2;
						ProvisioningStyle = Automatic;
					};
				};
			};
			buildConfigurationList = EDE0DCB81FEA415D007975CA /* Build configuration list for PBXProject "GSNavigationBarItem" */;
			compatibilityVersion = "Xcode 8.0";
			developmentRegion = en;
			hasScannedForEncodings = 0;
			knownRegions = (
				en,
			);
			mainGroup = EDE0DCB41FEA415D007975CA;
			productRefGroup = EDE0DCBF1FEA415D007975CA /* Products */;
			projectDirPath = "";
			projectRoot = "";
			targets = (
				EDE0DCBD1FEA415D007975CA /* GSNavigationBarItem */,
				EDE0DCC61FEA415D007975CA /* GSNavigationBarItemTests */,
			);
		};
/* End PBXProject section */

/* Begin PBXResourcesBuildPhase section */
		EDE0DCBC1FEA415D007975CA /* Resources */ = {
			isa = PBXResourcesBuildPhase;
			buildActionMask = 2147483647;
			files = (
			);
			runOnlyForDeploymentPostprocessing = 0;
		};
		EDE0DCC51FEA415D007975CA /* Resources */ = {
			isa = PBXResourcesBuildPhase;
			buildActionMask = 2147483647;
			files = (
			);
			runOnlyForDeploymentPostprocessing = 0;
		};
/* End PBXResourcesBuildPhase section */

/* Begin PBXShellScriptBuildPhase section */
		EDE0DD5E1FEA83D5007975CA /* Carthage */ = {
			isa = PBXShellScriptBuildPhase;
			buildActionMask = 2147483647;
			files = (
			);
			inputPaths = (
				"$(SRCROOT)/Carthage/Build/iOS/GSFoundation.framework",
				"$(SRCROOT)/Carthage/Build/iOS/HandyJSON.framework",
				"$(SRCROOT)/Carthage/Build/iOS/GSStability.framework",
				"$(SRCROOT)/Carthage/Build/iOS/KeychainAccess.framework",
				"$(SRCROOT)/Carthage/Build/iOS/SnapKit.framework",
				"$(SRCROOT)/Carthage/Build/iOS/GSUIKit.framework",
			);
			name = Carthage;
			outputPaths = (
			);
			runOnlyForDeploymentPostprocessing = 0;
			shellPath = /bin/sh;
			shellScript = "/usr/local/bin/carthage copy-frameworks";
		};
/* End PBXShellScriptBuildPhase section */

/* Begin PBXSourcesBuildPhase section */
		EDE0DCB91FEA415D007975CA /* Sources */ = {
			isa = PBXSourcesBuildPhase;
			buildActionMask = 2147483647;
			files = (
				EDE0DD621FEA84B3007975CA /* NavigationBarItem.swift in Sources */,
				EDE0DD601FEA8493007975CA /* CustomBarable.swift in Sources */,
			);
			runOnlyForDeploymentPostprocessing = 0;
		};
		EDE0DCC31FEA415D007975CA /* Sources */ = {
			isa = PBXSourcesBuildPhase;
			buildActionMask = 2147483647;
			files = (
				EDE0DCCD1FEA415D007975CA /* GSNavigationBarItemTests.swift in Sources */,
			);
			runOnlyForDeploymentPostprocessing = 0;
		};
/* End PBXSourcesBuildPhase section */

/* Begin PBXTargetDependency section */
		EDE0DCCA1FEA415D007975CA /* PBXTargetDependency */ = {
			isa = PBXTargetDependency;
			target = EDE0DCBD1FEA415D007975CA /* GSNavigationBarItem */;
			targetProxy = EDE0DCC91FEA415D007975CA /* PBXContainerItemProxy */;
		};
/* End PBXTargetDependency section */

/* Begin XCBuildConfiguration section */
		EDE0DCD01FEA415D007975CA /* Debug */ = {
			isa = XCBuildConfiguration;
			buildSettings = {
				ALWAYS_SEARCH_USER_PATHS = NO;
				CLANG_ANALYZER_NONNULL = YES;
				CLANG_ANALYZER_NUMBER_OBJECT_CONVERSION = YES_AGGRESSIVE;
				CLANG_CXX_LANGUAGE_STANDARD = "gnu++14";
				CLANG_CXX_LIBRARY = "libc++";
				CLANG_ENABLE_MODULES = YES;
				CLANG_ENABLE_OBJC_ARC = YES;
				CLANG_WARN_BLOCK_CAPTURE_AUTORELEASING = YES;
				CLANG_WARN_BOOL_CONVERSION = YES;
				CLANG_WARN_COMMA = YES;
				CLANG_WARN_CONSTANT_CONVERSION = YES;
				CLANG_WARN_DIRECT_OBJC_ISA_USAGE = YES_ERROR;
				CLANG_WARN_DOCUMENTATION_COMMENTS = YES;
				CLANG_WARN_EMPTY_BODY = YES;
				CLANG_WARN_ENUM_CONVERSION = YES;
				CLANG_WARN_INFINITE_RECURSION = YES;
				CLANG_WARN_INT_CONVERSION = YES;
				CLANG_WARN_NON_LITERAL_NULL_CONVERSION = YES;
				CLANG_WARN_OBJC_LITERAL_CONVERSION = YES;
				CLANG_WARN_OBJC_ROOT_CLASS = YES_ERROR;
				CLANG_WARN_RANGE_LOOP_ANALYSIS = YES;
				CLANG_WARN_STRICT_PROTOTYPES = YES;
				CLANG_WARN_SUSPICIOUS_MOVE = YES;
				CLANG_WARN_UNGUARDED_AVAILABILITY = YES_AGGRESSIVE;
				CLANG_WARN_UNREACHABLE_CODE = YES;
				CLANG_WARN__DUPLICATE_METHOD_MATCH = YES;
				CODE_SIGN_IDENTITY = "iPhone Developer";
				COPY_PHASE_STRIP = NO;
				CURRENT_PROJECT_VERSION = 1;
				DEBUG_INFORMATION_FORMAT = dwarf;
				ENABLE_STRICT_OBJC_MSGSEND = YES;
				ENABLE_TESTABILITY = YES;
				GCC_C_LANGUAGE_STANDARD = gnu11;
				GCC_DYNAMIC_NO_PIC = NO;
				GCC_NO_COMMON_BLOCKS = YES;
				GCC_OPTIMIZATION_LEVEL = 0;
				GCC_PREPROCESSOR_DEFINITIONS = (
					"DEBUG=1",
					"$(inherited)",
				);
				GCC_WARN_64_TO_32_BIT_CONVERSION = YES;
				GCC_WARN_ABOUT_RETURN_TYPE = YES_ERROR;
				GCC_WARN_UNDECLARED_SELECTOR = YES;
				GCC_WARN_UNINITIALIZED_AUTOS = YES_AGGRESSIVE;
				GCC_WARN_UNUSED_FUNCTION = YES;
				GCC_WARN_UNUSED_VARIABLE = YES;
				IPHONEOS_DEPLOYMENT_TARGET = 11.2;
				MTL_ENABLE_DEBUG_INFO = YES;
				ONLY_ACTIVE_ARCH = YES;
				SDKROOT = iphoneos;
				SWIFT_ACTIVE_COMPILATION_CONDITIONS = DEBUG;
				SWIFT_OPTIMIZATION_LEVEL = "-Onone";
				VERSIONING_SYSTEM = "apple-generic";
				VERSION_INFO_PREFIX = "";
			};
			name = Debug;
		};
		EDE0DCD11FEA415D007975CA /* Release */ = {
			isa = XCBuildConfiguration;
			buildSettings = {
				ALWAYS_SEARCH_USER_PATHS = NO;
				CLANG_ANALYZER_NONNULL = YES;
				CLANG_ANALYZER_NUMBER_OBJECT_CONVERSION = YES_AGGRESSIVE;
				CLANG_CXX_LANGUAGE_STANDARD = "gnu++14";
				CLANG_CXX_LIBRARY = "libc++";
				CLANG_ENABLE_MODULES = YES;
				CLANG_ENABLE_OBJC_ARC = YES;
				CLANG_WARN_BLOCK_CAPTURE_AUTORELEASING = YES;
				CLANG_WARN_BOOL_CONVERSION = YES;
				CLANG_WARN_COMMA = YES;
				CLANG_WARN_CONSTANT_CONVERSION = YES;
				CLANG_WARN_DIRECT_OBJC_ISA_USAGE = YES_ERROR;
				CLANG_WARN_DOCUMENTATION_COMMENTS = YES;
				CLANG_WARN_EMPTY_BODY = YES;
				CLANG_WARN_ENUM_CONVERSION = YES;
				CLANG_WARN_INFINITE_RECURSION = YES;
				CLANG_WARN_INT_CONVERSION = YES;
				CLANG_WARN_NON_LITERAL_NULL_CONVERSION = YES;
				CLANG_WARN_OBJC_LITERAL_CONVERSION = YES;
				CLANG_WARN_OBJC_ROOT_CLASS = YES_ERROR;
				CLANG_WARN_RANGE_LOOP_ANALYSIS = YES;
				CLANG_WARN_STRICT_PROTOTYPES = YES;
				CLANG_WARN_SUSPICIOUS_MOVE = YES;
				CLANG_WARN_UNGUARDED_AVAILABILITY = YES_AGGRESSIVE;
				CLANG_WARN_UNREACHABLE_CODE = YES;
				CLANG_WARN__DUPLICATE_METHOD_MATCH = YES;
				CODE_SIGN_IDENTITY = "iPhone Developer";
				COPY_PHASE_STRIP = NO;
				CURRENT_PROJECT_VERSION = 1;
				DEBUG_INFORMATION_FORMAT = "dwarf-with-dsym";
				ENABLE_NS_ASSERTIONS = NO;
				ENABLE_STRICT_OBJC_MSGSEND = YES;
				GCC_C_LANGUAGE_STANDARD = gnu11;
				GCC_NO_COMMON_BLOCKS = YES;
				GCC_WARN_64_TO_32_BIT_CONVERSION = YES;
				GCC_WARN_ABOUT_RETURN_TYPE = YES_ERROR;
				GCC_WARN_UNDECLARED_SELECTOR = YES;
				GCC_WARN_UNINITIALIZED_AUTOS = YES_AGGRESSIVE;
				GCC_WARN_UNUSED_FUNCTION = YES;
				GCC_WARN_UNUSED_VARIABLE = YES;
				IPHONEOS_DEPLOYMENT_TARGET = 11.2;
				MTL_ENABLE_DEBUG_INFO = NO;
				SDKROOT = iphoneos;
				SWIFT_OPTIMIZATION_LEVEL = "-Owholemodule";
				VALIDATE_PRODUCT = YES;
				VERSIONING_SYSTEM = "apple-generic";
				VERSION_INFO_PREFIX = "";
			};
			name = Release;
		};
		EDE0DCD31FEA415D007975CA /* Debug */ = {
			isa = XCBuildConfiguration;
			buildSettings = {
				CLANG_ENABLE_MODULES = YES;
				CODE_SIGN_IDENTITY = "";
				CODE_SIGN_STYLE = Automatic;
				DEFINES_MODULE = YES;
				DEVELOPMENT_TEAM = 2LJX58TYK3;
				DYLIB_COMPATIBILITY_VERSION = 1;
				DYLIB_CURRENT_VERSION = 1;
				DYLIB_INSTALL_NAME_BASE = "@rpath";
				FRAMEWORK_SEARCH_PATHS = "$(SRCROOT)/Carthage/Build/iOS";
				INFOPLIST_FILE = GSNavigationBarItem/Info.plist;
				INSTALL_PATH = "$(LOCAL_LIBRARY_DIR)/Frameworks";
				IPHONEOS_DEPLOYMENT_TARGET = 9;
				LD_RUNPATH_SEARCH_PATHS = "$(inherited) @executable_path/Frameworks @loader_path/Frameworks";
				PRODUCT_BUNDLE_IDENTIFIER = "com.Sky-And-Hammer.ios.GS.GSNavigationBarItem";
				PRODUCT_NAME = "$(TARGET_NAME:c99extidentifier)";
				SKIP_INSTALL = YES;
				SWIFT_OPTIMIZATION_LEVEL = "-Onone";
				SWIFT_VERSION = 4.0;
				TARGETED_DEVICE_FAMILY = "1,2";
			};
			name = Debug;
		};
		EDE0DCD41FEA415D007975CA /* Release */ = {
			isa = XCBuildConfiguration;
			buildSettings = {
				CLANG_ENABLE_MODULES = YES;
				CODE_SIGN_IDENTITY = "";
				CODE_SIGN_STYLE = Automatic;
				DEFINES_MODULE = YES;
				DEVELOPMENT_TEAM = 2LJX58TYK3;
				DYLIB_COMPATIBILITY_VERSION = 1;
				DYLIB_CURRENT_VERSION = 1;
				DYLIB_INSTALL_NAME_BASE = "@rpath";
				FRAMEWORK_SEARCH_PATHS = "$(SRCROOT)/Carthage/Build/iOS";
				INFOPLIST_FILE = GSNavigationBarItem/Info.plist;
				INSTALL_PATH = "$(LOCAL_LIBRARY_DIR)/Frameworks";
				IPHONEOS_DEPLOYMENT_TARGET = 9;
				LD_RUNPATH_SEARCH_PATHS = "$(inherited) @executable_path/Frameworks @loader_path/Frameworks";
				PRODUCT_BUNDLE_IDENTIFIER = "com.Sky-And-Hammer.ios.GS.GSNavigationBarItem";
				PRODUCT_NAME = "$(TARGET_NAME:c99extidentifier)";
				SKIP_INSTALL = YES;
				SWIFT_VERSION = 4.0;
				TARGETED_DEVICE_FAMILY = "1,2";
			};
			name = Release;
		};
		EDE0DCD61FEA415D007975CA /* Debug */ = {
			isa = XCBuildConfiguration;
			buildSettings = {
				ALWAYS_EMBED_SWIFT_STANDARD_LIBRARIES = YES;
				CODE_SIGN_STYLE = Automatic;
				DEVELOPMENT_TEAM = 2LJX58TYK3;
				INFOPLIST_FILE = GSNavigationBarItemTests/Info.plist;
				LD_RUNPATH_SEARCH_PATHS = "$(inherited) @executable_path/Frameworks @loader_path/Frameworks";
				PRODUCT_BUNDLE_IDENTIFIER = "com.Sky-And-Hammer.ios.GS.GSNavigationBarItemTests";
				PRODUCT_NAME = "$(TARGET_NAME)";
				SWIFT_VERSION = 4.0;
				TARGETED_DEVICE_FAMILY = "1,2";
			};
			name = Debug;
		};
		EDE0DCD71FEA415D007975CA /* Release */ = {
			isa = XCBuildConfiguration;
			buildSettings = {
				ALWAYS_EMBED_SWIFT_STANDARD_LIBRARIES = YES;
				CODE_SIGN_STYLE = Automatic;
				DEVELOPMENT_TEAM = 2LJX58TYK3;
				INFOPLIST_FILE = GSNavigationBarItemTests/Info.plist;
				LD_RUNPATH_SEARCH_PATHS = "$(inherited) @executable_path/Frameworks @loader_path/Frameworks";
				PRODUCT_BUNDLE_IDENTIFIER = "com.Sky-And-Hammer.ios.GS.GSNavigationBarItemTests";
				PRODUCT_NAME = "$(TARGET_NAME)";
				SWIFT_VERSION = 4.0;
				TARGETED_DEVICE_FAMILY = "1,2";
			};
			name = Release;
		};
/* End XCBuildConfiguration section */

/* Begin XCConfigurationList section */
		EDE0DCB81FEA415D007975CA /* Build configuration list for PBXProject "GSNavigationBarItem" */ = {
			isa = XCConfigurationList;
			buildConfigurations = (
				EDE0DCD01FEA415D007975CA /* Debug */,
				EDE0DCD11FEA415D007975CA /* Release */,
			);
			defaultConfigurationIsVisible = 0;
			defaultConfigurationName = Release;
		};
		EDE0DCD21FEA415D007975CA /* Build configuration list for PBXNativeTarget "GSNavigationBarItem" */ = {
			isa = XCConfigurationList;
			buildConfigurations = (
				EDE0DCD31FEA415D007975CA /* Debug */,
				EDE0DCD41FEA415D007975CA /* Release */,
			);
			defaultConfigurationIsVisible = 0;
			defaultConfigurationName = Release;
		};
		EDE0DCD51FEA415D007975CA /* Build configuration list for PBXNativeTarget "GSNavigationBarItemTests" */ = {
			isa = XCConfigurationList;
			buildConfigurations = (
				EDE0DCD61FEA415D007975CA /* Debug */,
				EDE0DCD71FEA415D007975CA /* Release */,
			);
			defaultConfigurationIsVisible = 0;
			defaultConfigurationName = Release;
		};
/* End XCConfigurationList section */
	};
	rootObject = EDE0DCB51FEA415D007975CA /* Project object */;
}
